<Solution>
  <Configurations>
    <Platform Name="x64" />
  </Configurations>
  <Project Path="src/ExtWeigh.Core/ExtWeigh.Core.csproj">
    <Platform Project="x64" />
  </Project>
  <Project DefaultStartup="true" Path="src/ExtWeigh.UI/ExtWeigh.UI.csproj">
    <Platform Project="x64" />
  </Project>
  <Project Path="src/ExtWeigh.Tests/ExtWeigh.Tests.csproj">
    <Platform Project="x64" />
  </Project>
</Solution>
